
Microsoft Visual Studio Solution File, Format Version 12.00
# Visual Studio Version 16
VisualStudioVersion = 16.0.29102.190
MinimumVisualStudioVersion = 10.0.40219.1
Project("{8BC9CEB8-8B4A-11D0-8D11-00A0C91BC942}") = "course_playground", "course_playground\course_playground.vcxproj", "{CEF83649-181E-4D77-B07B-887BA9894317}"
EndProject
Project("{2150E333-8FDC-42A3-9474-1A3956D46DE8}") = "Solution Items", "Solution Items", "{DF79B376-5B02-4CDF-933C-61AFBD23CF78}"
	ProjectSection(SolutionItems) = preProject
		.clang-format = .clang-format
		.gitattributes = .gitattributes
		.gitignore = .gitignore
	EndProjectSection
EndProject
Project("{8BC9CEB8-8B4A-11D0-8D11-00A0C91BC942}") = "deep-learning", "deep-learning\deep-learning.vcxproj", "{14D9CF31-C1CA-43B4-9780-097568AF8409}"
EndProject
Project("{8BC9CEB8-8B4A-11D0-8D11-00A0C91BC942}") = "video-analysis", "video-analysis\video-analysis.vcxproj", "{2DF4389A-8935-467B-848C-70DFB8704F68}"
EndProject
Project("{8BC9CEB8-8B4A-11D0-8D11-00A0C91BC942}") = "project3-doc-scan", "project3-doc-scan\project3-doc-scan.vcxproj", "{19049D0C-AF00-44D0-A054-EB53E25B0D78}"
EndProject
Project("{8BC9CEB8-8B4A-11D0-8D11-00A0C91BC942}") = "project4-detection-tracking", "project4-detection-tracking\project4-detection-tracking.vcxproj", "{0F114F42-AB52-4AD9-A393-6811F61FF458}"
EndProject
Project("{8BC9CEB8-8B4A-11D0-8D11-00A0C91BC942}") = "facial-landmark", "facial-landmark\facial-landmark.vcxproj", "{570A7A17-92CA-435A-83DC-EACFD0F5F1EC}"
EndProject
Global
	GlobalSection(SolutionConfigurationPlatforms) = preSolution
		Debug|x64 = Debug|x64
		Debug|x86 = Debug|x86
		Release|x64 = Release|x64
		Release|x86 = Release|x86
	EndGlobalSection
	GlobalSection(ProjectConfigurationPlatforms) = postSolution
		{CEF83649-181E-4D77-B07B-887BA9894317}.Debug|x64.ActiveCfg = Debug|x64
		{CEF83649-181E-4D77-B07B-887BA9894317}.Debug|x64.Build.0 = Debug|x64
		{CEF83649-181E-4D77-B07B-887BA9894317}.Debug|x86.ActiveCfg = Debug|Win32
		{CEF83649-181E-4D77-B07B-887BA9894317}.Debug|x86.Build.0 = Debug|Win32
		{CEF83649-181E-4D77-B07B-887BA9894317}.Release|x64.ActiveCfg = Release|x64
		{CEF83649-181E-4D77-B07B-887BA9894317}.Release|x64.Build.0 = Release|x64
		{CEF83649-181E-4D77-B07B-887BA9894317}.Release|x86.ActiveCfg = Release|Win32
		{CEF83649-181E-4D77-B07B-887BA9894317}.Release|x86.Build.0 = Release|Win32
		{14D9CF31-C1CA-43B4-9780-097568AF8409}.Debug|x64.ActiveCfg = Debug|x64
		{14D9CF31-C1CA-43B4-9780-097568AF8409}.Debug|x64.Build.0 = Debug|x64
		{14D9CF31-C1CA-43B4-9780-097568AF8409}.Debug|x86.ActiveCfg = Debug|Win32
		{14D9CF31-C1CA-43B4-9780-097568AF8409}.Debug|x86.Build.0 = Debug|Win32
		{14D9CF31-C1CA-43B4-9780-097568AF8409}.Release|x64.ActiveCfg = Release|x64
		{14D9CF31-C1CA-43B4-9780-097568AF8409}.Release|x64.Build.0 = Release|x64
		{14D9CF31-C1CA-43B4-9780-097568AF8409}.Release|x86.ActiveCfg = Release|Win32
		{14D9CF31-C1CA-43B4-9780-097568AF8409}.Release|x86.Build.0 = Release|Win32
		{2DF4389A-8935-467B-848C-70DFB8704F68}.Debug|x64.ActiveCfg = Debug|x64
		{2DF4389A-8935-467B-848C-70DFB8704F68}.Debug|x64.Build.0 = Debug|x64
		{2DF4389A-8935-467B-848C-70DFB8704F68}.Debug|x86.ActiveCfg = Debug|Win32
		{2DF4389A-8935-467B-848C-70DFB8704F68}.Debug|x86.Build.0 = Debug|Win32
		{2DF4389A-8935-467B-848C-70DFB8704F68}.Release|x64.ActiveCfg = Release|x64
		{2DF4389A-8935-467B-848C-70DFB8704F68}.Release|x64.Build.0 = Release|x64
		{2DF4389A-8935-467B-848C-70DFB8704F68}.Release|x86.ActiveCfg = Release|Win32
		{2DF4389A-8935-467B-848C-70DFB8704F68}.Release|x86.Build.0 = Release|Win32
		{19049D0C-AF00-44D0-A054-EB53E25B0D78}.Debug|x64.ActiveCfg = Debug|x64
		{19049D0C-AF00-44D0-A054-EB53E25B0D78}.Debug|x64.Build.0 = Debug|x64
		{19049D0C-AF00-44D0-A054-EB53E25B0D78}.Debug|x86.ActiveCfg = Debug|Win32
		{19049D0C-AF00-44D0-A054-EB53E25B0D78}.Debug|x86.Build.0 = Debug|Win32
		{19049D0C-AF00-44D0-A054-EB53E25B0D78}.Release|x64.ActiveCfg = Release|x64
		{19049D0C-AF00-44D0-A054-EB53E25B0D78}.Release|x64.Build.0 = Release|x64
		{19049D0C-AF00-44D0-A054-EB53E25B0D78}.Release|x86.ActiveCfg = Release|Win32
		{19049D0C-AF00-44D0-A054-EB53E25B0D78}.Release|x86.Build.0 = Release|Win32
		{0F114F42-AB52-4AD9-A393-6811F61FF458}.Debug|x64.ActiveCfg = Debug|x64
		{0F114F42-AB52-4AD9-A393-6811F61FF458}.Debug|x64.Build.0 = Debug|x64
		{0F114F42-AB52-4AD9-A393-6811F61FF458}.Debug|x86.ActiveCfg = Debug|Win32
		{0F114F42-AB52-4AD9-A393-6811F61FF458}.Debug|x86.Build.0 = Debug|Win32
		{0F114F42-AB52-4AD9-A393-6811F61FF458}.Release|x64.ActiveCfg = Release|x64
		{0F114F42-AB52-4AD9-A393-6811F61FF458}.Release|x64.Build.0 = Release|x64
		{0F114F42-AB52-4AD9-A393-6811F61FF458}.Release|x86.ActiveCfg = Release|Win32
		{0F114F42-AB52-4AD9-A393-6811F61FF458}.Release|x86.Build.0 = Release|Win32
		{570A7A17-92CA-435A-83DC-EACFD0F5F1EC}.Debug|x64.ActiveCfg = Debug|x64
		{570A7A17-92CA-435A-83DC-EACFD0F5F1EC}.Debug|x64.Build.0 = Debug|x64
		{570A7A17-92CA-435A-83DC-EACFD0F5F1EC}.Debug|x86.ActiveCfg = Debug|Win32
		{570A7A17-92CA-435A-83DC-EACFD0F5F1EC}.Debug|x86.Build.0 = Debug|Win32
		{570A7A17-92CA-435A-83DC-EACFD0F5F1EC}.Release|x64.ActiveCfg = Release|x64
		{570A7A17-92CA-435A-83DC-EACFD0F5F1EC}.Release|x64.Build.0 = Release|x64
		{570A7A17-92CA-435A-83DC-EACFD0F5F1EC}.Release|x86.ActiveCfg = Release|Win32
		{570A7A17-92CA-435A-83DC-EACFD0F5F1EC}.Release|x86.Build.0 = Release|Win32
	EndGlobalSection
	GlobalSection(SolutionProperties) = preSolution
		HideSolutionNode = FALSE
	EndGlobalSection
	GlobalSection(ExtensibilityGlobals) = postSolution
		SolutionGuid = {1E229939-F82C-4F20-99D4-90DBA3211AC9}
	EndGlobalSection
EndGlobal
